// !$*UTF8*$!
{
	archiveVersion = 1;
	classes = {
	};
	objectVersion = 50;
	objects = {

/* Begin PBXBuildFile section */
		78162F0E247571E8006F6C42 /* VitalsController.swift in Sources */ = {isa = PBXBuildFile; fileRef = 78162F0D247571E8006F6C42 /* VitalsController.swift */; };
		78162F102475D147006F6C42 /* DatePickerController.swift in Sources */ = {isa = PBXBuildFile; fileRef = 78162F0F2475D147006F6C42 /* DatePickerController.swift */; };
		78162F122476E1F9006F6C42 /* vitalsdata.csv in Resources */ = {isa = PBXBuildFile; fileRef = 78162F112476E1F9006F6C42 /* vitalsdata.csv */; };
		78162F142476FD87006F6C42 /* LineChart.swift in Sources */ = {isa = PBXBuildFile; fileRef = 78162F132476FD87006F6C42 /* LineChart.swift */; };
		78162F162476FDE0006F6C42 /* GraphController.swift in Sources */ = {isa = PBXBuildFile; fileRef = 78162F152476FDE0006F6C42 /* GraphController.swift */; };
		78256AAE248E867400862035 /* ChartController.swift in Sources */ = {isa = PBXBuildFile; fileRef = 78256AAD248E867400862035 /* ChartController.swift */; };
		7841B0E22474700700011D81 /* AppDelegate.swift in Sources */ = {isa = PBXBuildFile; fileRef = 7841B0E12474700700011D81 /* AppDelegate.swift */; };
		7841B0E42474700700011D81 /* SceneDelegate.swift in Sources */ = {isa = PBXBuildFile; fileRef = 7841B0E32474700700011D81 /* SceneDelegate.swift */; };
		7841B0E62474700700011D81 /* ListController.swift in Sources */ = {isa = PBXBuildFile; fileRef = 7841B0E52474700700011D81 /* ListController.swift */; };
		7841B0E92474700700011D81 /* Main.storyboard in Resources */ = {isa = PBXBuildFile; fileRef = 7841B0E72474700700011D81 /* Main.storyboard */; };
		7841B0EB2474700800011D81 /* Assets.xcassets in Resources */ = {isa = PBXBuildFile; fileRef = 7841B0EA2474700800011D81 /* Assets.xcassets */; };
		7841B0EE2474700800011D81 /* LaunchScreen.storyboard in Resources */ = {isa = PBXBuildFile; fileRef = 7841B0EC2474700800011D81 /* LaunchScreen.storyboard */; };
		7841B0FF2474706400011D81 /* BaseViewController.swift in Sources */ = {isa = PBXBuildFile; fileRef = 7841B0FD2474706400011D81 /* BaseViewController.swift */; };
		7841B1002474706400011D81 /* BaseNavigationController.swift in Sources */ = {isa = PBXBuildFile; fileRef = 7841B0FE2474706400011D81 /* BaseNavigationController.swift */; };
		7841B1032474707000011D81 /* FoundationExtensions.swift in Sources */ = {isa = PBXBuildFile; fileRef = 7841B1012474707000011D81 /* FoundationExtensions.swift */; };
		7841B1042474707000011D81 /* UIKitExtensions.swift in Sources */ = {isa = PBXBuildFile; fileRef = 7841B1022474707000011D81 /* UIKitExtensions.swift */; };
		7841B10C247471B100011D81 /* Roboto-Thin.ttf in Resources */ = {isa = PBXBuildFile; fileRef = 7841B106247471B000011D81 /* Roboto-Thin.ttf */; };
		7841B10D247471B100011D81 /* Roboto-Regular.ttf in Resources */ = {isa = PBXBuildFile; fileRef = 7841B107247471B000011D81 /* Roboto-Regular.ttf */; };
		7841B10E247471B100011D81 /* Roboto-Bold.ttf in Resources */ = {isa = PBXBuildFile; fileRef = 7841B108247471B000011D81 /* Roboto-Bold.ttf */; };
		7841B10F247471B100011D81 /* Roboto-Italic.ttf in Resources */ = {isa = PBXBuildFile; fileRef = 7841B109247471B000011D81 /* Roboto-Italic.ttf */; };
		7841B110247471B100011D81 /* Roboto-Light.ttf in Resources */ = {isa = PBXBuildFile; fileRef = 7841B10A247471B000011D81 /* Roboto-Light.ttf */; };
		7841B111247471B100011D81 /* Roboto-Medium.ttf in Resources */ = {isa = PBXBuildFile; fileRef = 7841B10B247471B000011D81 /* Roboto-Medium.ttf */; };
		7841B1132474781600011D81 /* VitalsLog.swift in Sources */ = {isa = PBXBuildFile; fileRef = 7841B1122474781600011D81 /* VitalsLog.swift */; };
		7841B1152474785B00011D81 /* Vitals.swift in Sources */ = {isa = PBXBuildFile; fileRef = 7841B1142474785B00011D81 /* Vitals.swift */; };
		7841B11724747FB000011D81 /* VitalsCell.swift in Sources */ = {isa = PBXBuildFile; fileRef = 7841B11624747FB000011D81 /* VitalsCell.swift */; };
		789B4710247D92050013CC12 /* API.swift in Sources */ = {isa = PBXBuildFile; fileRef = 789B470F247D92050013CC12 /* API.swift */; };
		789B4712247D92560013CC12 /* JSON.swift in Sources */ = {isa = PBXBuildFile; fileRef = 789B4711247D92560013CC12 /* JSON.swift */; };
		789B4745248144F30013CC12 /* ProgressView.swift in Sources */ = {isa = PBXBuildFile; fileRef = 789B4743248144F30013CC12 /* ProgressView.swift */; };
		789B4746248144F30013CC12 /* ProgressView.xib in Resources */ = {isa = PBXBuildFile; fileRef = 789B4744248144F30013CC12 /* ProgressView.xib */; };
/* End PBXBuildFile section */

/* Begin PBXFileReference section */
		78162F0D247571E8006F6C42 /* VitalsController.swift */ = {isa = PBXFileReference; lastKnownFileType = sourcecode.swift; path = VitalsController.swift; sourceTree = "<group>"; };
		78162F0F2475D147006F6C42 /* DatePickerController.swift */ = {isa = PBXFileReference; lastKnownFileType = sourcecode.swift; path = DatePickerController.swift; sourceTree = "<group>"; };
		78162F112476E1F9006F6C42 /* vitalsdata.csv */ = {isa = PBXFileReference; lastKnownFileType = text; path = vitalsdata.csv; sourceTree = "<group>"; };
		78162F132476FD87006F6C42 /* LineChart.swift */ = {isa = PBXFileReference; fileEncoding = 4; lastKnownFileType = sourcecode.swift; path = LineChart.swift; sourceTree = "<group>"; };
		78162F152476FDE0006F6C42 /* GraphController.swift */ = {isa = PBXFileReference; lastKnownFileType = sourcecode.swift; path = GraphController.swift; sourceTree = "<group>"; };
		78256AAD248E867400862035 /* ChartController.swift */ = {isa = PBXFileReference; lastKnownFileType = sourcecode.swift; path = ChartController.swift; sourceTree = "<group>"; };
		7841B0DE2474700700011D81 /* Vitals.app */ = {isa = PBXFileReference; explicitFileType = wrapper.application; includeInIndex = 0; path = Vitals.app; sourceTree = BUILT_PRODUCTS_DIR; };
		7841B0E12474700700011D81 /* AppDelegate.swift */ = {isa = PBXFileReference; lastKnownFileType = sourcecode.swift; path = AppDelegate.swift; sourceTree = "<group>"; };
		7841B0E32474700700011D81 /* SceneDelegate.swift */ = {isa = PBXFileReference; lastKnownFileType = sourcecode.swift; path = SceneDelegate.swift; sourceTree = "<group>"; };
		7841B0E52474700700011D81 /* ListController.swift */ = {isa = PBXFileReference; lastKnownFileType = sourcecode.swift; path = ListController.swift; sourceTree = "<group>"; };
		7841B0E82474700700011D81 /* Base */ = {isa = PBXFileReference; lastKnownFileType = file.storyboard; name = Base; path = Base.lproj/Main.storyboard; sourceTree = "<group>"; };
		7841B0EA2474700800011D81 /* Assets.xcassets */ = {isa = PBXFileReference; lastKnownFileType = folder.assetcatalog; path = Assets.xcassets; sourceTree = "<group>"; };
		7841B0ED2474700800011D81 /* Base */ = {isa = PBXFileReference; lastKnownFileType = file.storyboard; name = Base; path = Base.lproj/LaunchScreen.storyboard; sourceTree = "<group>"; };
		7841B0EF2474700800011D81 /* Info.plist */ = {isa = PBXFileReference; lastKnownFileType = text.plist.xml; path = Info.plist; sourceTree = "<group>"; };
		7841B0FD2474706400011D81 /* BaseViewController.swift */ = {isa = PBXFileReference; fileEncoding = 4; lastKnownFileType = sourcecode.swift; path = BaseViewController.swift; sourceTree = "<group>"; };
		7841B0FE2474706400011D81 /* BaseNavigationController.swift */ = {isa = PBXFileReference; fileEncoding = 4; lastKnownFileType = sourcecode.swift; path = BaseNavigationController.swift; sourceTree = "<group>"; };
		7841B1012474707000011D81 /* FoundationExtensions.swift */ = {isa = PBXFileReference; fileEncoding = 4; lastKnownFileType = sourcecode.swift; path = FoundationExtensions.swift; sourceTree = "<group>"; };
		7841B1022474707000011D81 /* UIKitExtensions.swift */ = {isa = PBXFileReference; fileEncoding = 4; lastKnownFileType = sourcecode.swift; path = UIKitExtensions.swift; sourceTree = "<group>"; };
		7841B106247471B000011D81 /* Roboto-Thin.ttf */ = {isa = PBXFileReference; lastKnownFileType = file; path = "Roboto-Thin.ttf"; sourceTree = "<group>"; };
		7841B107247471B000011D81 /* Roboto-Regular.ttf */ = {isa = PBXFileReference; lastKnownFileType = file; path = "Roboto-Regular.ttf"; sourceTree = "<group>"; };
		7841B108247471B000011D81 /* Roboto-Bold.ttf */ = {isa = PBXFileReference; lastKnownFileType = file; path = "Roboto-Bold.ttf"; sourceTree = "<group>"; };
		7841B109247471B000011D81 /* Roboto-Italic.ttf */ = {isa = PBXFileReference; lastKnownFileType = file; path = "Roboto-Italic.ttf"; sourceTree = "<group>"; };
		7841B10A247471B000011D81 /* Roboto-Light.ttf */ = {isa = PBXFileReference; lastKnownFileType = file; path = "Roboto-Light.ttf"; sourceTree = "<group>"; };
		7841B10B247471B000011D81 /* Roboto-Medium.ttf */ = {isa = PBXFileReference; lastKnownFileType = file; path = "Roboto-Medium.ttf"; sourceTree = "<group>"; };
		7841B1122474781600011D81 /* VitalsLog.swift */ = {isa = PBXFileReference; lastKnownFileType = sourcecode.swift; path = VitalsLog.swift; sourceTree = "<group>"; };
		7841B1142474785B00011D81 /* Vitals.swift */ = {isa = PBXFileReference; lastKnownFileType = sourcecode.swift; path = Vitals.swift; sourceTree = "<group>"; };
		7841B11624747FB000011D81 /* VitalsCell.swift */ = {isa = PBXFileReference; lastKnownFileType = sourcecode.swift; path = VitalsCell.swift; sourceTree = "<group>"; };
		789B470F247D92050013CC12 /* API.swift */ = {isa = PBXFileReference; lastKnownFileType = sourcecode.swift; path = API.swift; sourceTree = "<group>"; };
		789B4711247D92560013CC12 /* JSON.swift */ = {isa = PBXFileReference; lastKnownFileType = sourcecode.swift; path = JSON.swift; sourceTree = "<group>"; };
		789B4743248144F30013CC12 /* ProgressView.swift */ = {isa = PBXFileReference; fileEncoding = 4; lastKnownFileType = sourcecode.swift; path = ProgressView.swift; sourceTree = "<group>"; };
		789B4744248144F30013CC12 /* ProgressView.xib */ = {isa = PBXFileReference; fileEncoding = 4; lastKnownFileType = file.xib; path = ProgressView.xib; sourceTree = "<group>"; };
/* End PBXFileReference section */

/* Begin PBXFrameworksBuildPhase section */
		7841B0DB2474700700011D81 /* Frameworks */ = {
			isa = PBXFrameworksBuildPhase;
			buildActionMask = 2147483647;
			files = (
			);
			runOnlyForDeploymentPostprocessing = 0;
		};
/* End PBXFrameworksBuildPhase section */

/* Begin PBXGroup section */
		7841B0D52474700700011D81 = {
			isa = PBXGroup;
			children = (
				7841B0E02474700700011D81 /* Vitals */,
				7841B0DF2474700700011D81 /* Products */,
			);
			sourceTree = "<group>";
		};
		7841B0DF2474700700011D81 /* Products */ = {
			isa = PBXGroup;
			children = (
				7841B0DE2474700700011D81 /* Vitals.app */,
			);
			name = Products;
			sourceTree = "<group>";
		};
		7841B0E02474700700011D81 /* Vitals */ = {
			isa = PBXGroup;
			children = (
				7841B0FB2474703E00011D81 /* AppDelegate */,
				7841B0FA2474703700011D81 /* ViewControllers */,
				7841B0F92474703300011D81 /* Data */,
				7841B0F82474702C00011D81 /* Views */,
				7841B0F62474701D00011D81 /* Extensions */,
				7841B0F72474702600011D81 /* ThirdParty */,
				7841B0F52474701800011D81 /* Resources */,
			);
			path = Vitals;
			sourceTree = "<group>";
		};
		7841B0F52474701800011D81 /* Resources */ = {
			isa = PBXGroup;
			children = (
				7841B1052474719E00011D81 /* Fonts */,
				7841B0EA2474700800011D81 /* Assets.xcassets */,
				7841B0EC2474700800011D81 /* LaunchScreen.storyboard */,
				7841B0EF2474700800011D81 /* Info.plist */,
				78162F112476E1F9006F6C42 /* vitalsdata.csv */,
			);
			name = Resources;
			sourceTree = "<group>";
		};
		7841B0F62474701D00011D81 /* Extensions */ = {
			isa = PBXGroup;
			children = (
				7841B1012474707000011D81 /* FoundationExtensions.swift */,
				7841B1022474707000011D81 /* UIKitExtensions.swift */,
			);
			name = Extensions;
			sourceTree = "<group>";
		};
		7841B0F72474702600011D81 /* ThirdParty */ = {
			isa = PBXGroup;
			children = (
				78162F132476FD87006F6C42 /* LineChart.swift */,
				789B4711247D92560013CC12 /* JSON.swift */,
			);
			name = ThirdParty;
			sourceTree = "<group>";
		};
		7841B0F82474702C00011D81 /* Views */ = {
			isa = PBXGroup;
			children = (
				789B4743248144F30013CC12 /* ProgressView.swift */,
				789B4744248144F30013CC12 /* ProgressView.xib */,
				7841B11624747FB000011D81 /* VitalsCell.swift */,
			);
			name = Views;
			sourceTree = "<group>";
		};
		7841B0F92474703300011D81 /* Data */ = {
			isa = PBXGroup;
			children = (
				7841B1122474781600011D81 /* VitalsLog.swift */,
				7841B1142474785B00011D81 /* Vitals.swift */,
				789B470F247D92050013CC12 /* API.swift */,
			);
			name = Data;
			sourceTree = "<group>";
		};
		7841B0FA2474703700011D81 /* ViewControllers */ = {
			isa = PBXGroup;
			children = (
				7841B0FC2474704E00011D81 /* BaseControllers */,
				7841B0E72474700700011D81 /* Main.storyboard */,
				7841B0E52474700700011D81 /* ListController.swift */,
				78162F0D247571E8006F6C42 /* VitalsController.swift */,
				78162F0F2475D147006F6C42 /* DatePickerController.swift */,
				78256AAD248E867400862035 /* ChartController.swift */,
				78162F152476FDE0006F6C42 /* GraphController.swift */,
			);
			name = ViewControllers;
			sourceTree = "<group>";
		};
		7841B0FB2474703E00011D81 /* AppDelegate */ = {
			isa = PBXGroup;
			children = (
				7841B0E12474700700011D81 /* AppDelegate.swift */,
				7841B0E32474700700011D81 /* SceneDelegate.swift */,
			);
			name = AppDelegate;
			sourceTree = "<group>";
		};
		7841B0FC2474704E00011D81 /* BaseControllers */ = {
			isa = PBXGroup;
			children = (
				7841B0FE2474706400011D81 /* BaseNavigationController.swift */,
				7841B0FD2474706400011D81 /* BaseViewController.swift */,
			);
			name = BaseControllers;
			sourceTree = "<group>";
		};
		7841B1052474719E00011D81 /* Fonts */ = {
			isa = PBXGroup;
			children = (
				7841B108247471B000011D81 /* Roboto-Bold.ttf */,
				7841B109247471B000011D81 /* Roboto-Italic.ttf */,
				7841B10A247471B000011D81 /* Roboto-Light.ttf */,
				7841B10B247471B000011D81 /* Roboto-Medium.ttf */,
				7841B107247471B000011D81 /* Roboto-Regular.ttf */,
				7841B106247471B000011D81 /* Roboto-Thin.ttf */,
			);
			name = Fonts;
			sourceTree = "<group>";
		};
/* End PBXGroup section */

/* Begin PBXNativeTarget section */
		7841B0DD2474700700011D81 /* Vitals */ = {
			isa = PBXNativeTarget;
			buildConfigurationList = 7841B0F22474700800011D81 /* Build configuration list for PBXNativeTarget "Vitals" */;
			buildPhases = (
				7841B0DA2474700700011D81 /* Sources */,
				7841B0DB2474700700011D81 /* Frameworks */,
				7841B0DC2474700700011D81 /* Resources */,
			);
			buildRules = (
			);
			dependencies = (
			);
			name = Vitals;
			productName = Vitals;
			productReference = 7841B0DE2474700700011D81 /* Vitals.app */;
			productType = "com.apple.product-type.application";
		};
/* End PBXNativeTarget section */

/* Begin PBXProject section */
		7841B0D62474700700011D81 /* Project object */ = {
			isa = PBXProject;
			attributes = {
				LastSwiftUpdateCheck = 1120;
				LastUpgradeCheck = 1120;
				ORGANIZATIONNAME = Zigabytes;
				TargetAttributes = {
					7841B0DD2474700700011D81 = {
						CreatedOnToolsVersion = 11.2.1;
					};
				};
			};
			buildConfigurationList = 7841B0D92474700700011D81 /* Build configuration list for PBXProject "Vitals" */;
			compatibilityVersion = "Xcode 9.3";
			developmentRegion = en;
			hasScannedForEncodings = 0;
			knownRegions = (
				en,
				Base,
			);
			mainGroup = 7841B0D52474700700011D81;
			productRefGroup = 7841B0DF2474700700011D81 /* Products */;
			projectDirPath = "";
			projectRoot = "";
			targets = (
				7841B0DD2474700700011D81 /* Vitals */,
			);
		};
/* End PBXProject section */

/* Begin PBXResourcesBuildPhase section */
		7841B0DC2474700700011D81 /* Resources */ = {
			isa = PBXResourcesBuildPhase;
			buildActionMask = 2147483647;
			files = (
				7841B10C247471B100011D81 /* Roboto-Thin.ttf in Resources */,
				7841B0EE2474700800011D81 /* LaunchScreen.storyboard in Resources */,
				7841B10E247471B100011D81 /* Roboto-Bold.ttf in Resources */,
				7841B10D247471B100011D81 /* Roboto-Regular.ttf in Resources */,
				7841B10F247471B100011D81 /* Roboto-Italic.ttf in Resources */,
				7841B0EB2474700800011D81 /* Assets.xcassets in Resources */,
				7841B110247471B100011D81 /* Roboto-Light.ttf in Resources */,
				7841B0E92474700700011D81 /* Main.storyboard in Resources */,
				78162F122476E1F9006F6C42 /* vitalsdata.csv in Resources */,
				7841B111247471B100011D81 /* Roboto-Medium.ttf in Resources */,
				789B4746248144F30013CC12 /* ProgressView.xib in Resources */,
			);
			runOnlyForDeploymentPostprocessing = 0;
		};
/* End PBXResourcesBuildPhase section */

/* Begin PBXSourcesBuildPhase section */
		7841B0DA2474700700011D81 /* Sources */ = {
			isa = PBXSourcesBuildPhase;
			buildActionMask = 2147483647;
			files = (
				7841B0E62474700700011D81 /* ListController.swift in Sources */,
				7841B0FF2474706400011D81 /* BaseViewController.swift in Sources */,
				7841B11724747FB000011D81 /* VitalsCell.swift in Sources */,
				7841B1032474707000011D81 /* FoundationExtensions.swift in Sources */,
				789B4710247D92050013CC12 /* API.swift in Sources */,
				7841B0E22474700700011D81 /* AppDelegate.swift in Sources */,
				78256AAE248E867400862035 /* ChartController.swift in Sources */,
				789B4745248144F30013CC12 /* ProgressView.swift in Sources */,
				78162F142476FD87006F6C42 /* LineChart.swift in Sources */,
				78162F0E247571E8006F6C42 /* VitalsController.swift in Sources */,
				7841B1152474785B00011D81 /* Vitals.swift in Sources */,
				7841B1002474706400011D81 /* BaseNavigationController.swift in Sources */,
				7841B1042474707000011D81 /* UIKitExtensions.swift in Sources */,
				78162F102475D147006F6C42 /* DatePickerController.swift in Sources */,
				7841B0E42474700700011D81 /* SceneDelegate.swift in Sources */,
				78162F162476FDE0006F6C42 /* GraphController.swift in Sources */,
				7841B1132474781600011D81 /* VitalsLog.swift in Sources */,
				789B4712247D92560013CC12 /* JSON.swift in Sources */,
			);
			runOnlyForDeploymentPostprocessing = 0;
		};
/* End PBXSourcesBuildPhase section */

/* Begin PBXVariantGroup section */
		7841B0E72474700700011D81 /* Main.storyboard */ = {
			isa = PBXVariantGroup;
			children = (
				7841B0E82474700700011D81 /* Base */,
			);
			name = Main.storyboard;
			sourceTree = "<group>";
		};
		7841B0EC2474700800011D81 /* LaunchScreen.storyboard */ = {
			isa = PBXVariantGroup;
			children = (
				7841B0ED2474700800011D81 /* Base */,
			);
			name = LaunchScreen.storyboard;
			sourceTree = "<group>";
		};
/* End PBXVariantGroup section */

/* Begin XCBuildConfiguration section */
		7841B0F02474700800011D81 /* Debug */ = {
			isa = XCBuildConfiguration;
			buildSettings = {
				ALWAYS_SEARCH_USER_PATHS = NO;
				CLANG_ANALYZER_NONNULL = YES;
				CLANG_ANALYZER_NUMBER_OBJECT_CONVERSION = YES_AGGRESSIVE;
				CLANG_CXX_LANGUAGE_STANDARD = "gnu++14";
				CLANG_CXX_LIBRARY = "libc++";
				CLANG_ENABLE_MODULES = YES;
				CLANG_ENABLE_OBJC_ARC = YES;
				CLANG_ENABLE_OBJC_WEAK = YES;
				CLANG_WARN_BLOCK_CAPTURE_AUTORELEASING = YES;
				CLANG_WARN_BOOL_CONVERSION = YES;
				CLANG_WARN_COMMA = YES;
				CLANG_WARN_CONSTANT_CONVERSION = YES;
				CLANG_WARN_DEPRECATED_OBJC_IMPLEMENTATIONS = YES;
				CLANG_WARN_DIRECT_OBJC_ISA_USAGE = YES_ERROR;
				CLANG_WARN_DOCUMENTATION_COMMENTS = YES;
				CLANG_WARN_EMPTY_BODY = YES;
				CLANG_WARN_ENUM_CONVERSION = YES;
				CLANG_WARN_INFINITE_RECURSION = YES;
				CLANG_WARN_INT_CONVERSION = YES;
				CLANG_WARN_NON_LITERAL_NULL_CONVERSION = YES;
				CLANG_WARN_OBJC_IMPLICIT_RETAIN_SELF = YES;
				CLANG_WARN_OBJC_LITERAL_CONVERSION = YES;
				CLANG_WARN_OBJC_ROOT_CLASS = YES_ERROR;
				CLANG_WARN_RANGE_LOOP_ANALYSIS = YES;
				CLANG_WARN_STRICT_PROTOTYPES = YES;
				CLANG_WARN_SUSPICIOUS_MOVE = YES;
				CLANG_WARN_UNGUARDED_AVAILABILITY = YES_AGGRESSIVE;
				CLANG_WARN_UNREACHABLE_CODE = YES;
				CLANG_WARN__DUPLICATE_METHOD_MATCH = YES;
				COPY_PHASE_STRIP = NO;
				DEBUG_INFORMATION_FORMAT = dwarf;
				ENABLE_STRICT_OBJC_MSGSEND = YES;
				ENABLE_TESTABILITY = YES;
				GCC_C_LANGUAGE_STANDARD = gnu11;
				GCC_DYNAMIC_NO_PIC = NO;
				GCC_NO_COMMON_BLOCKS = YES;
				GCC_OPTIMIZATION_LEVEL = 0;
				GCC_PREPROCESSOR_DEFINITIONS = (
					"DEBUG=1",
					"$(inherited)",
				);
				GCC_WARN_64_TO_32_BIT_CONVERSION = YES;
				GCC_WARN_ABOUT_RETURN_TYPE = YES_ERROR;
				GCC_WARN_UNDECLARED_SELECTOR = YES;
				GCC_WARN_UNINITIALIZED_AUTOS = YES_AGGRESSIVE;
				GCC_WARN_UNUSED_FUNCTION = YES;
				GCC_WARN_UNUSED_VARIABLE = YES;
				IPHONEOS_DEPLOYMENT_TARGET = 13.2;
				MTL_ENABLE_DEBUG_INFO = INCLUDE_SOURCE;
				MTL_FAST_MATH = YES;
				ONLY_ACTIVE_ARCH = YES;
				SDKROOT = iphoneos;
				SWIFT_ACTIVE_COMPILATION_CONDITIONS = DEBUG;
				SWIFT_OPTIMIZATION_LEVEL = "-Onone";
			};
			name = Debug;
		};
		7841B0F12474700800011D81 /* Release */ = {
			isa = XCBuildConfiguration;
			buildSettings = {
				ALWAYS_SEARCH_USER_PATHS = NO;
				CLANG_ANALYZER_NONNULL = YES;
				CLANG_ANALYZER_NUMBER_OBJECT_CONVERSION = YES_AGGRESSIVE;
				CLANG_CXX_LANGUAGE_STANDARD = "gnu++14";
				CLANG_CXX_LIBRARY = "libc++";
				CLANG_ENABLE_MODULES = YES;
				CLANG_ENABLE_OBJC_ARC = YES;
				CLANG_ENABLE_OBJC_WEAK = YES;
				CLANG_WARN_BLOCK_CAPTURE_AUTORELEASING = YES;
				CLANG_WARN_BOOL_CONVERSION = YES;
				CLANG_WARN_COMMA = YES;
				CLANG_WARN_CONSTANT_CONVERSION = YES;
				CLANG_WARN_DEPRECATED_OBJC_IMPLEMENTATIONS = YES;
				CLANG_WARN_DIRECT_OBJC_ISA_USAGE = YES_ERROR;
				CLANG_WARN_DOCUMENTATION_COMMENTS = YES;
				CLANG_WARN_EMPTY_BODY = YES;
				CLANG_WARN_ENUM_CONVERSION = YES;
				CLANG_WARN_INFINITE_RECURSION = YES;
				CLANG_WARN_INT_CONVERSION = YES;
				CLANG_WARN_NON_LITERAL_NULL_CONVERSION = YES;
				CLANG_WARN_OBJC_IMPLICIT_RETAIN_SELF = YES;
				CLANG_WARN_OBJC_LITERAL_CONVERSION = YES;
				CLANG_WARN_OBJC_ROOT_CLASS = YES_ERROR;
				CLANG_WARN_RANGE_LOOP_ANALYSIS = YES;
				CLANG_WARN_STRICT_PROTOTYPES = YES;
				CLANG_WARN_SUSPICIOUS_MOVE = YES;
				CLANG_WARN_UNGUARDED_AVAILABILITY = YES_AGGRESSIVE;
				CLANG_WARN_UNREACHABLE_CODE = YES;
				CLANG_WARN__DUPLICATE_METHOD_MATCH = YES;
				COPY_PHASE_STRIP = NO;
				DEBUG_INFORMATION_FORMAT = "dwarf-with-dsym";
				ENABLE_NS_ASSERTIONS = NO;
				ENABLE_STRICT_OBJC_MSGSEND = YES;
				GCC_C_LANGUAGE_STANDARD = gnu11;
				GCC_NO_COMMON_BLOCKS = YES;
				GCC_WARN_64_TO_32_BIT_CONVERSION = YES;
				GCC_WARN_ABOUT_RETURN_TYPE = YES_ERROR;
				GCC_WARN_UNDECLARED_SELECTOR = YES;
				GCC_WARN_UNINITIALIZED_AUTOS = YES_AGGRESSIVE;
				GCC_WARN_UNUSED_FUNCTION = YES;
				GCC_WARN_UNUSED_VARIABLE = YES;
				IPHONEOS_DEPLOYMENT_TARGET = 13.2;
				MTL_ENABLE_DEBUG_INFO = NO;
				MTL_FAST_MATH = YES;
				SDKROOT = iphoneos;
				SWIFT_COMPILATION_MODE = wholemodule;
				SWIFT_OPTIMIZATION_LEVEL = "-O";
				VALIDATE_PRODUCT = YES;
			};
			name = Release;
		};
		7841B0F32474700800011D81 /* Debug */ = {
			isa = XCBuildConfiguration;
			buildSettings = {
				ASSETCATALOG_COMPILER_APPICON_NAME = AppIcon;
				CODE_SIGN_STYLE = Automatic;
				CURRENT_PROJECT_VERSION = 13;
				DEVELOPMENT_TEAM = MJA8334VZT;
				INFOPLIST_FILE = Vitals/Info.plist;
				IPHONEOS_DEPLOYMENT_TARGET = 13.0;
				LD_RUNPATH_SEARCH_PATHS = (
					"$(inherited)",
					"@executable_path/Frameworks",
				);
				MARKETING_VERSION = 1.1;
				PRODUCT_BUNDLE_IDENTIFIER = com.zigabytes.Vitals;
				PRODUCT_NAME = "$(TARGET_NAME)";
				SWIFT_VERSION = 5.0;
				TARGETED_DEVICE_FAMILY = 1;
			};
			name = Debug;
		};
		7841B0F42474700800011D81 /* Release */ = {
			isa = XCBuildConfiguration;
			buildSettings = {
				ASSETCATALOG_COMPILER_APPICON_NAME = AppIcon;
				CODE_SIGN_STYLE = Automatic;
				CURRENT_PROJECT_VERSION = 13;
				DEVELOPMENT_TEAM = MJA8334VZT;
				INFOPLIST_FILE = Vitals/Info.plist;
				IPHONEOS_DEPLOYMENT_TARGET = 13.0;
				LD_RUNPATH_SEARCH_PATHS = (
					"$(inherited)",
					"@executable_path/Frameworks",
				);
				MARKETING_VERSION = 1.1;
				PRODUCT_BUNDLE_IDENTIFIER = com.zigabytes.Vitals;
				PRODUCT_NAME = "$(TARGET_NAME)";
				SWIFT_VERSION = 5.0;
				TARGETED_DEVICE_FAMILY = 1;
			};
			name = Release;
		};
/* End XCBuildConfiguration section */

/* Begin XCConfigurationList section */
		7841B0D92474700700011D81 /* Build configuration list for PBXProject "Vitals" */ = {
			isa = XCConfigurationList;
			buildConfigurations = (
				7841B0F02474700800011D81 /* Debug */,
				7841B0F12474700800011D81 /* Release */,
			);
			defaultConfigurationIsVisible = 0;
			defaultConfigurationName = Release;
		};
		7841B0F22474700800011D81 /* Build configuration list for PBXNativeTarget "Vitals" */ = {
			isa = XCConfigurationList;
			buildConfigurations = (
				7841B0F32474700800011D81 /* Debug */,
				7841B0F42474700800011D81 /* Release */,
			);
			defaultConfigurationIsVisible = 0;
			defaultConfigurationName = Release;
		};
/* End XCConfigurationList section */
	};
	rootObject = 7841B0D62474700700011D81 /* Project object */;
}
